
Microsoft Visual Studio Solution File, Format Version 12.00
# Visual Studio Version 17
VisualStudioVersion = 17.11.35327.3
MinimumVisualStudioVersion = 10.0.40219.1
Project("{FAE04EC0-301F-11D3-BF4B-00C04F79EFBC}") = "VACARM.GUI", "VACARM.GUI\VACARM.GUI.csproj", "{604C263A-5865-4150-967F-BC7E9D099242}"
EndProject
Project("{FAE04EC0-301F-11D3-BF4B-00C04F79EFBC}") = "VACARM.GUI.Extensions", "VACARM.GUI.Extensions\VACARM.GUI.Extensions.csproj", "{551CE89D-64AB-4307-A6AF-740BCF2EAE13}"
EndProject
Global
	GlobalSection(SolutionConfigurationPlatforms) = preSolution
		Debug|Any CPU = Debug|Any CPU
		Release|Any CPU = Release|Any CPU
	EndGlobalSection
	GlobalSection(ProjectConfigurationPlatforms) = postSolution
		{604C263A-5865-4150-967F-BC7E9D099242}.Debug|Any CPU.ActiveCfg = Debug|Any CPU
		{604C263A-5865-4150-967F-BC7E9D099242}.Debug|Any CPU.Build.0 = Debug|Any CPU
		{604C263A-5865-4150-967F-BC7E9D099242}.Release|Any CPU.ActiveCfg = Release|Any CPU
		{604C263A-5865-4150-967F-BC7E9D099242}.Release|Any CPU.Build.0 = Release|Any CPU
		{551CE89D-64AB-4307-A6AF-740BCF2EAE13}.Debug|Any CPU.ActiveCfg = Debug|Any CPU
		{551CE89D-64AB-4307-A6AF-740BCF2EAE13}.Debug|Any CPU.Build.0 = Debug|Any CPU
		{551CE89D-64AB-4307-A6AF-740BCF2EAE13}.Release|Any CPU.ActiveCfg = Release|Any CPU
		{551CE89D-64AB-4307-A6AF-740BCF2EAE13}.Release|Any CPU.Build.0 = Release|Any CPU
	EndGlobalSection
	GlobalSection(SolutionProperties) = preSolution
		HideSolutionNode = FALSE
	EndGlobalSection
	GlobalSection(ExtensibilityGlobals) = postSolution
		SolutionGuid = {844B3F28-9630-4505-AC3D-556251B1FA0B}
	EndGlobalSection
EndGlobal
