
Microsoft Visual Studio Solution File, Format Version 12.00
# Visual Studio Version 17
VisualStudioVersion = 17.11.35327.3
MinimumVisualStudioVersion = 10.0.40219.1
Project("{FAE04EC0-301F-11D3-BF4B-00C04F79EFBC}") = "VACARM.GUI", "VACARM.GUI\VACARM.GUI.csproj", "{604C263A-5865-4150-967F-BC7E9D099242}"
EndProject
Project("{FAE04EC0-301F-11D3-BF4B-00C04F79EFBC}") = "VACARM.GUI.Extensions", "VACARM.GUI.Extensions\VACARM.GUI.Extensions.csproj", "{551CE89D-64AB-4307-A6AF-740BCF2EAE13}"
EndProject
Project("{FAE04EC0-301F-11D3-BF4B-00C04F79EFBC}") = "VACARM.Infrastructure", "..\VACARM.Backend.NET8\VACARM.Infrastructure\VACARM.Infrastructure.csproj", "{9BF1E558-EAE4-4338-902E-C17C05302B57}"
EndProject
Project("{FAE04EC0-301F-11D3-BF4B-00C04F79EFBC}") = "VACARM.Common", "..\VACARM.Backend.NET8\VACARM.Common\VACARM.Common.csproj", "{A9967E0B-BBB3-4FB6-8FE4-E48C926402DF}"
EndProject
Project("{FAE04EC0-301F-11D3-BF4B-00C04F79EFBC}") = "VACARM.Application", "..\VACARM.Backend.NET8\VACARM.Application\VACARM.Application.csproj", "{653AAA23-6F80-41D8-8617-35F89C1DD493}"
EndProject
Project("{FAE04EC0-301F-11D3-BF4B-00C04F79EFBC}") = "VACARM.Domain", "..\VACARM.Backend.NET8\VACARM.Domain\VACARM.Domain.csproj", "{90541D11-3E8E-4F3F-BDEA-101C6986CEF9}"
EndProject
Project("{2150E333-8FDC-42A3-9474-1A3956D46DE8}") = "Solution Items", "Solution Items", "{8E8363B3-C723-45C4-8E8E-9FF54B3BCC56}"
	ProjectSection(SolutionItems) = preProject
		global.json = global.json
	EndProjectSection
EndProject
Global
	GlobalSection(SolutionConfigurationPlatforms) = preSolution
		Debug|Any CPU = Debug|Any CPU
		Release|Any CPU = Release|Any CPU
	EndGlobalSection
	GlobalSection(ProjectConfigurationPlatforms) = postSolution
		{604C263A-5865-4150-967F-BC7E9D099242}.Debug|Any CPU.ActiveCfg = Debug|Any CPU
		{604C263A-5865-4150-967F-BC7E9D099242}.Debug|Any CPU.Build.0 = Debug|Any CPU
		{604C263A-5865-4150-967F-BC7E9D099242}.Release|Any CPU.ActiveCfg = Release|Any CPU
		{604C263A-5865-4150-967F-BC7E9D099242}.Release|Any CPU.Build.0 = Release|Any CPU
		{551CE89D-64AB-4307-A6AF-740BCF2EAE13}.Debug|Any CPU.ActiveCfg = Debug|Any CPU
		{551CE89D-64AB-4307-A6AF-740BCF2EAE13}.Debug|Any CPU.Build.0 = Debug|Any CPU
		{551CE89D-64AB-4307-A6AF-740BCF2EAE13}.Release|Any CPU.ActiveCfg = Release|Any CPU
		{551CE89D-64AB-4307-A6AF-740BCF2EAE13}.Release|Any CPU.Build.0 = Release|Any CPU
		{9BF1E558-EAE4-4338-902E-C17C05302B57}.Debug|Any CPU.ActiveCfg = Debug|Any CPU
		{9BF1E558-EAE4-4338-902E-C17C05302B57}.Debug|Any CPU.Build.0 = Debug|Any CPU
		{9BF1E558-EAE4-4338-902E-C17C05302B57}.Release|Any CPU.ActiveCfg = Release|Any CPU
		{9BF1E558-EAE4-4338-902E-C17C05302B57}.Release|Any CPU.Build.0 = Release|Any CPU
		{A9967E0B-BBB3-4FB6-8FE4-E48C926402DF}.Debug|Any CPU.ActiveCfg = Debug|Any CPU
		{A9967E0B-BBB3-4FB6-8FE4-E48C926402DF}.Debug|Any CPU.Build.0 = Debug|Any CPU
		{A9967E0B-BBB3-4FB6-8FE4-E48C926402DF}.Release|Any CPU.ActiveCfg = Release|Any CPU
		{A9967E0B-BBB3-4FB6-8FE4-E48C926402DF}.Release|Any CPU.Build.0 = Release|Any CPU
		{653AAA23-6F80-41D8-8617-35F89C1DD493}.Debug|Any CPU.ActiveCfg = Debug|Any CPU
		{653AAA23-6F80-41D8-8617-35F89C1DD493}.Debug|Any CPU.Build.0 = Debug|Any CPU
		{653AAA23-6F80-41D8-8617-35F89C1DD493}.Release|Any CPU.ActiveCfg = Release|Any CPU
		{653AAA23-6F80-41D8-8617-35F89C1DD493}.Release|Any CPU.Build.0 = Release|Any CPU
		{90541D11-3E8E-4F3F-BDEA-101C6986CEF9}.Debug|Any CPU.ActiveCfg = Debug|Any CPU
		{90541D11-3E8E-4F3F-BDEA-101C6986CEF9}.Debug|Any CPU.Build.0 = Debug|Any CPU
		{90541D11-3E8E-4F3F-BDEA-101C6986CEF9}.Release|Any CPU.ActiveCfg = Release|Any CPU
		{90541D11-3E8E-4F3F-BDEA-101C6986CEF9}.Release|Any CPU.Build.0 = Release|Any CPU
	EndGlobalSection
	GlobalSection(SolutionProperties) = preSolution
		HideSolutionNode = FALSE
	EndGlobalSection
	GlobalSection(ExtensibilityGlobals) = postSolution
		SolutionGuid = {844B3F28-9630-4505-AC3D-556251B1FA0B}
	EndGlobalSection
EndGlobal
