
Microsoft Visual Studio Solution File, Format Version 12.00
# Visual Studio Version 17
VisualStudioVersion = 17.7.34031.279
MinimumVisualStudioVersion = 10.0.40219.1
Project("{FAE04EC0-301F-11D3-BF4B-00C04F79EFBC}") = "VACARM.NET4.GUI", "VACARM.NET4.GUI\VACARM.NET4.GUI.csproj", "{DE972E8E-CEB6-47CB-83D4-D0A318BF4D7F}"
EndProject
Project("{9A19103F-16F7-4668-BE54-9A1E7A4F7556}") = "VACARM.NET8.GUI.UnitTests", "VACARM.NET8.GUI.UnitTests\VACARM.NET8.GUI.UnitTests.csproj", "{2849A7A6-372A-4E69-BB3A-C168BC96BBF1}"
EndProject
Project("{FAE04EC0-301F-11D3-BF4B-00C04F79EFBC}") = "VACARM.NET4.GUI.UnitTests", "VACARM.NET4.GUI.UnitTests\VACARM.NET4.GUI.UnitTests.csproj", "{AA5879CD-33CD-43A4-AA4E-9EF7426CD738}"
EndProject
Project("{FAE04EC0-301F-11D3-BF4B-00C04F79EFBC}") = "VACARM.NET8.GUI", "VACARM.NET8.GUI\VACARM.NET8.GUI.csproj", "{8E1BE636-67A2-4685-9625-6399896AA8CE}"
EndProject
Global
	GlobalSection(SolutionConfigurationPlatforms) = preSolution
		Debug|Any CPU = Debug|Any CPU
		Release|Any CPU = Release|Any CPU
	EndGlobalSection
	GlobalSection(ProjectConfigurationPlatforms) = postSolution
		{DE972E8E-CEB6-47CB-83D4-D0A318BF4D7F}.Debug|Any CPU.ActiveCfg = Debug|Any CPU
		{DE972E8E-CEB6-47CB-83D4-D0A318BF4D7F}.Debug|Any CPU.Build.0 = Debug|Any CPU
		{DE972E8E-CEB6-47CB-83D4-D0A318BF4D7F}.Release|Any CPU.ActiveCfg = Release|Any CPU
		{DE972E8E-CEB6-47CB-83D4-D0A318BF4D7F}.Release|Any CPU.Build.0 = Release|Any CPU
		{2849A7A6-372A-4E69-BB3A-C168BC96BBF1}.Debug|Any CPU.ActiveCfg = Debug|Any CPU
		{2849A7A6-372A-4E69-BB3A-C168BC96BBF1}.Debug|Any CPU.Build.0 = Debug|Any CPU
		{2849A7A6-372A-4E69-BB3A-C168BC96BBF1}.Release|Any CPU.ActiveCfg = Release|Any CPU
		{2849A7A6-372A-4E69-BB3A-C168BC96BBF1}.Release|Any CPU.Build.0 = Release|Any CPU
		{AA5879CD-33CD-43A4-AA4E-9EF7426CD738}.Debug|Any CPU.ActiveCfg = Debug|Any CPU
		{AA5879CD-33CD-43A4-AA4E-9EF7426CD738}.Debug|Any CPU.Build.0 = Debug|Any CPU
		{AA5879CD-33CD-43A4-AA4E-9EF7426CD738}.Release|Any CPU.ActiveCfg = Release|Any CPU
		{AA5879CD-33CD-43A4-AA4E-9EF7426CD738}.Release|Any CPU.Build.0 = Release|Any CPU
		{8E1BE636-67A2-4685-9625-6399896AA8CE}.Debug|Any CPU.ActiveCfg = Debug|Any CPU
		{8E1BE636-67A2-4685-9625-6399896AA8CE}.Debug|Any CPU.Build.0 = Debug|Any CPU
		{8E1BE636-67A2-4685-9625-6399896AA8CE}.Release|Any CPU.ActiveCfg = Release|Any CPU
		{8E1BE636-67A2-4685-9625-6399896AA8CE}.Release|Any CPU.Build.0 = Release|Any CPU
	EndGlobalSection
	GlobalSection(SolutionProperties) = preSolution
		HideSolutionNode = FALSE
	EndGlobalSection
	GlobalSection(ExtensibilityGlobals) = postSolution
		SolutionGuid = {7D8EBD38-2054-4261-BF7E-C52A1DA9B7B6}
	EndGlobalSection
EndGlobal
