
Microsoft Visual Studio Solution File, Format Version 12.00
# Visual Studio Version 17
VisualStudioVersion = 17.12.35527.113
MinimumVisualStudioVersion = 10.0.40219.1
Project("{FAE04EC0-301F-11D3-BF4B-00C04F79EFBC}") = "System.NET4_0", "System.NET4_0\System.NET4_0.csproj", "{B75B75DC-64E2-4D0F-9B14-305A7431FE32}"
EndProject
Project("{FAE04EC0-301F-11D3-BF4B-00C04F79EFBC}") = "System.NET4_6", "System.NET4_6\System.NET4_6.csproj", "{9648243F-9C3C-422A-94D4-B8EA4750A929}"
EndProject
Project("{FAE04EC0-301F-11D3-BF4B-00C04F79EFBC}") = "System.NET4_8", "System.NET4_8\System.NET4_8.csproj", "{D0A1E96D-9A92-46DF-8050-21EEAC78A6BC}"
EndProject
Project("{FAE04EC0-301F-11D3-BF4B-00C04F79EFBC}") = "System.NET8_0", "System.NET8_0\System.NET8_0.csproj", "{6EC904B2-EE66-4326-926A-E3A0AB1742CB}"
EndProject
Global
	GlobalSection(SolutionConfigurationPlatforms) = preSolution
		Debug|Any CPU = Debug|Any CPU
		Release|Any CPU = Release|Any CPU
	EndGlobalSection
	GlobalSection(ProjectConfigurationPlatforms) = postSolution
		{B75B75DC-64E2-4D0F-9B14-305A7431FE32}.Debug|Any CPU.ActiveCfg = Debug|Any CPU
		{B75B75DC-64E2-4D0F-9B14-305A7431FE32}.Debug|Any CPU.Build.0 = Debug|Any CPU
		{B75B75DC-64E2-4D0F-9B14-305A7431FE32}.Release|Any CPU.ActiveCfg = Release|Any CPU
		{B75B75DC-64E2-4D0F-9B14-305A7431FE32}.Release|Any CPU.Build.0 = Release|Any CPU
		{9648243F-9C3C-422A-94D4-B8EA4750A929}.Debug|Any CPU.ActiveCfg = Debug|Any CPU
		{9648243F-9C3C-422A-94D4-B8EA4750A929}.Debug|Any CPU.Build.0 = Debug|Any CPU
		{9648243F-9C3C-422A-94D4-B8EA4750A929}.Release|Any CPU.ActiveCfg = Release|Any CPU
		{9648243F-9C3C-422A-94D4-B8EA4750A929}.Release|Any CPU.Build.0 = Release|Any CPU
		{D0A1E96D-9A92-46DF-8050-21EEAC78A6BC}.Debug|Any CPU.ActiveCfg = Debug|Any CPU
		{D0A1E96D-9A92-46DF-8050-21EEAC78A6BC}.Debug|Any CPU.Build.0 = Debug|Any CPU
		{D0A1E96D-9A92-46DF-8050-21EEAC78A6BC}.Release|Any CPU.ActiveCfg = Release|Any CPU
		{D0A1E96D-9A92-46DF-8050-21EEAC78A6BC}.Release|Any CPU.Build.0 = Release|Any CPU
		{6EC904B2-EE66-4326-926A-E3A0AB1742CB}.Debug|Any CPU.ActiveCfg = Debug|Any CPU
		{6EC904B2-EE66-4326-926A-E3A0AB1742CB}.Debug|Any CPU.Build.0 = Debug|Any CPU
		{6EC904B2-EE66-4326-926A-E3A0AB1742CB}.Release|Any CPU.ActiveCfg = Release|Any CPU
		{6EC904B2-EE66-4326-926A-E3A0AB1742CB}.Release|Any CPU.Build.0 = Release|Any CPU
	EndGlobalSection
	GlobalSection(SolutionProperties) = preSolution
		HideSolutionNode = FALSE
	EndGlobalSection
EndGlobal
